
Microsoft Visual Studio Solution File, Format Version 12.00
# Visual Studio 15
VisualStudioVersion = 15.0.27703.2018
MinimumVisualStudioVersion = 10.0.40219.1
Project("{FAE04EC0-301F-11D3-BF4B-00C04F79EFBC}") = "Assignment14_RestClient", "Assignment14_RestClient\Assignment14_RestClient.csproj", "{BA83744A-756F-4837-A8EE-DD5B4B949D3F}"
EndProject
Project("{FAE04EC0-301F-11D3-BF4B-00C04F79EFBC}") = "WindowsFormsRESTClient", "..\WindowsFormsRESTClient\WindowsFormsRESTClient\WindowsFormsRESTClient.csproj", "{28645E2E-2531-43E9-8CBF-66CB8BFEC525}"
EndProject
Global
	GlobalSection(SolutionConfigurationPlatforms) = preSolution
		Debug|Any CPU = Debug|Any CPU
		Release|Any CPU = Release|Any CPU
	EndGlobalSection
	GlobalSection(ProjectConfigurationPlatforms) = postSolution
		{BA83744A-756F-4837-A8EE-DD5B4B949D3F}.Debug|Any CPU.ActiveCfg = Debug|Any CPU
		{BA83744A-756F-4837-A8EE-DD5B4B949D3F}.Debug|Any CPU.Build.0 = Debug|Any CPU
		{BA83744A-756F-4837-A8EE-DD5B4B949D3F}.Release|Any CPU.ActiveCfg = Release|Any CPU
		{BA83744A-756F-4837-A8EE-DD5B4B949D3F}.Release|Any CPU.Build.0 = Release|Any CPU
		{28645E2E-2531-43E9-8CBF-66CB8BFEC525}.Debug|Any CPU.ActiveCfg = Debug|Any CPU
		{28645E2E-2531-43E9-8CBF-66CB8BFEC525}.Debug|Any CPU.Build.0 = Debug|Any CPU
		{28645E2E-2531-43E9-8CBF-66CB8BFEC525}.Release|Any CPU.ActiveCfg = Release|Any CPU
		{28645E2E-2531-43E9-8CBF-66CB8BFEC525}.Release|Any CPU.Build.0 = Release|Any CPU
	EndGlobalSection
	GlobalSection(SolutionProperties) = preSolution
		HideSolutionNode = FALSE
	EndGlobalSection
	GlobalSection(ExtensibilityGlobals) = postSolution
		SolutionGuid = {AE802DB7-574A-4A95-BFF0-F01F52AFAB60}
	EndGlobalSection
EndGlobal
